{
  "name": "app",
  "version": "1.0.0",
  "lockfileVersion": 2,
  "requires": true,
  "packages": {
    "": {
      "name": "app",
      "version": "1.0.0",
      "license": "ISC",
      "dependencies": {
        "pixie": "^2.0.0"
      }
    },
    "node_modules/pixie": {
      "version": "2.0.0",
      "resolved": "https://registry.npmjs.org/pixie/-/pixie-2.0.0.tgz",
      "integrity": "sha512-tXOSkDwIkCRjPR/SdZ3jitXq7GGIWgctseSnw9y1QIx+j4VoiY2WyTwvCM/NVA292QWq/J3SBFL0K3QGAEX9Mg==",
      "engines": {
        "node": ">=4"
      }
    }
  },
  "dependencies": {
    "pixie": {
      "version": "2.0.0",
      "resolved": "https://registry.npmjs.org/pixie/-/pixie-2.0.0.tgz",
      "integrity": "sha512-tXOSkDwIkCRjPR/SdZ3jitXq7GGIWgctseSnw9y1QIx+j4VoiY2WyTwvCM/NVA292QWq/J3SBFL0K3QGAEX9Mg=="
    }
  }
}
